<?xml version="1.0"?>
<!DOCTYPE CodeBlocks_project_file>
<CodeBlocks_project_file>
	<FileVersion major="1" minor="1"/>
	<Project>
		<Option title="RakNet"/>
		<Option makefile="Makefile"/>
		<Option makefile_is_custom="0"/>
		<Option default_target="-1"/>
		<Option compiler="0"/>
		<Build>
			<Target title="debug">
				<Option output=".\Lib\dll\debug\RakNetd.dll"/>
				<Option working_dir="."/>
				<Option object_output=".\build\debug\.objs"/>
				<Option deps_output=".deps"/>
				<Option type="3"/>
				<Option compiler="0"/>
				<Option createDefFile="1"/>
				<Option createStaticLib="1"/>
				<Compiler>
					<Add option="-Wall"/>
					<Add option="-g"/>
					<Add option="-mthreads"/>
					<Add option="-fexceptions"/>
					<Add option="-D__GNUWIN32__"/>
					<Add option="-DWIN32"/>
					<Add option="-DWINVER=0x0400"/>
					<Add option="-D_WINDOWS"/>
					<Add option="-D_USRDLL"/>
					<Add option="-DDLL_EXPORTS"/>
					<Add directory="Include"/>
				</Compiler>
				<Linker>
					<Add option="-Wl,--export-all-symbols"/>
					<Add option="-Wl,--add-stdcall-alias"/>
					<Add library="ws2_32"/>
					<Add library="gmon"/>
					<Add directory="Lib"/>
				</Linker>
			</Target>
			<Target title="release">
				<Option output=".\Lib\dll\release\RakNet.dll"/>
				<Option working_dir="."/>
				<Option object_output=".\build\release\.objs"/>
				<Option deps_output=".deps"/>
				<Option type="3"/>
				<Option compiler="0"/>
				<Option createDefFile="1"/>
				<Option createStaticLib="1"/>
				<Compiler>
					<Add option="-O3"/>
					<Add option="-mthreads"/>
					<Add option="-fexceptions"/>
					<Add option="-D__GNUWIN32__"/>
					<Add option="-DWIN32"/>
					<Add option="-DWINVER=0x0400"/>
					<Add option="-D_WINDOWS"/>
					<Add option="-D_USRDLL"/>
					<Add option="-DDLL_EXPORTS"/>
					<Add directory="Include"/>
				</Compiler>
				<Linker>
					<Add option="-Wl,--export-all-symbols"/>
					<Add option="-Wl,--add-stdcall-alias"/>
					<Add library="ws2_32"/>
					<Add library="gmon"/>
					<Add directory="Lib"/>
				</Linker>
			</Target>
		</Build>
		<Unit filename="Source\AsynchronousFileIO.cpp">
			<Option compilerVar="CPP"/>
			<Option target="debug"/>
			<Option target="release"/>
		</Unit>
		<Unit filename="Source\AsynchronousFileIO.h">
			<Option compilerVar=""/>
			<Option compile="0"/>
			<Option link="0"/>
			<Option target="debug"/>
			<Option target="release"/>
		</Unit>
		<Unit filename="Source\AutoRPC.cpp">
			<Option compilerVar="CPP"/>
			<Option target="debug"/>
			<Option target="release"/>
		</Unit>
		<Unit filename="Source\AutoRPC.h">
			<Option compilerVar=""/>
			<Option compile="0"/>
			<Option link="0"/>
			<Option target="debug"/>
			<Option target="release"/>
		</Unit>
		<Unit filename="Source\AutopatcherPatchContext.h">
			<Option compilerVar=""/>
			<Option compile="0"/>
			<Option link="0"/>
			<Option target="debug"/>
			<Option target="release"/>
		</Unit>
		<Unit filename="Source\AutopatcherRepositoryInterface.h">
			<Option compilerVar=""/>
			<Option compile="0"/>
			<Option link="0"/>
			<Option target="debug"/>
			<Option target="release"/>
		</Unit>
		<Unit filename="Source\BigInt.cpp">
			<Option compilerVar="CPP"/>
			<Option target="debug"/>
			<Option target="release"/>
		</Unit>
		<Unit filename="Source\BigInt.h">
			<Option compilerVar=""/>
			<Option compile="0"/>
			<Option link="0"/>
			<Option target="debug"/>
			<Option target="release"/>
		</Unit>
		<Unit filename="Source\BitStream.cpp">
			<Option compilerVar="CPP"/>
			<Option target="debug"/>
			<Option target="release"/>
		</Unit>
		<Unit filename="Source\BitStream.h">
			<Option compilerVar=""/>
			<Option compile="0"/>
			<Option link="0"/>
			<Option target="debug"/>
			<Option target="release"/>
		</Unit>
		<Unit filename="Source\BitStream_NoTemplate.cpp">
			<Option compilerVar="CPP"/>
			<Option target="debug"/>
			<Option target="release"/>
		</Unit>
		<Unit filename="Source\BitStream_NoTemplate.h">
			<Option compilerVar=""/>
			<Option compile="0"/>
			<Option link="0"/>
			<Option target="debug"/>
			<Option target="release"/>
		</Unit>
		<Unit filename="Source\CCRakNetSlidingWindow.cpp">
			<Option compilerVar="CPP"/>
			<Option target="debug"/>
			<Option target="release"/>
		</Unit>
		<Unit filename="Source\CCRakNetSlidingWindow.h">
			<Option compilerVar=""/>
			<Option compile="0"/>
			<Option link="0"/>
			<Option target="debug"/>
			<Option target="release"/>
		</Unit>
		<Unit filename="Source\CCRakNetUDT.cpp">
			<Option compilerVar="CPP"/>
			<Option target="debug"/>
			<Option target="release"/>
		</Unit>
		<Unit filename="Source\CCRakNetUDT.h">
			<Option compilerVar=""/>
			<Option compile="0"/>
			<Option link="0"/>
			<Option target="debug"/>
			<Option target="release"/>
		</Unit>
		<Unit filename="Source\CheckSum.cpp">
			<Option compilerVar="CPP"/>
			<Option target="debug"/>
			<Option target="release"/>
		</Unit>
		<Unit filename="Source\CheckSum.h">
			<Option compilerVar=""/>
			<Option compile="0"/>
			<Option link="0"/>
			<Option target="debug"/>
			<Option target="release"/>
		</Unit>
		<Unit filename="Source\ClientContextStruct.h">
			<Option compilerVar=""/>
			<Option compile="0"/>
			<Option link="0"/>
			<Option target="debug"/>
			<Option target="release"/>
		</Unit>
		<Unit filename="Source\CommandParserInterface.cpp">
			<Option compilerVar="CPP"/>
			<Option target="debug"/>
			<Option target="release"/>
		</Unit>
		<Unit filename="Source\CommandParserInterface.h">
			<Option compilerVar=""/>
			<Option compile="0"/>
			<Option link="0"/>
			<Option target="debug"/>
			<Option target="release"/>
		</Unit>
		<Unit filename="Source\ConnectionGraph.cpp">
			<Option compilerVar="CPP"/>
			<Option target="debug"/>
			<Option target="release"/>
		</Unit>
		<Unit filename="Source\ConnectionGraph.h">
			<Option compilerVar=""/>
			<Option compile="0"/>
			<Option link="0"/>
			<Option target="debug"/>
			<Option target="release"/>
		</Unit>
		<Unit filename="Source\ConnectionGraph2.cpp">
			<Option compilerVar="CPP"/>
			<Option target="debug"/>
			<Option target="release"/>
		</Unit>
		<Unit filename="Source\ConnectionGraph2.h">
			<Option compilerVar=""/>
			<Option compile="0"/>
			<Option link="0"/>
			<Option target="debug"/>
			<Option target="release"/>
		</Unit>
		<Unit filename="Source\ConsoleServer.cpp">
			<Option compilerVar="CPP"/>
			<Option target="debug"/>
			<Option target="release"/>
		</Unit>
		<Unit filename="Source\ConsoleServer.h">
			<Option compilerVar=""/>
			<Option compile="0"/>
			<Option link="0"/>
			<Option target="debug"/>
			<Option target="release"/>
		</Unit>
		<Unit filename="Source\DS_BPlusTree.h">
			<Option compilerVar=""/>
			<Option compile="0"/>
			<Option link="0"/>
			<Option target="debug"/>
			<Option target="release"/>
		</Unit>
		<Unit filename="Source\DS_BinarySearchTree.h">
			<Option compilerVar=""/>
			<Option compile="0"/>
			<Option link="0"/>
			<Option target="debug"/>
			<Option target="release"/>
		</Unit>
		<Unit filename="Source\DS_BytePool.cpp">
			<Option compilerVar="CPP"/>
			<Option target="debug"/>
			<Option target="release"/>
		</Unit>
		<Unit filename="Source\DS_BytePool.h">
			<Option compilerVar=""/>
			<Option compile="0"/>
			<Option link="0"/>
			<Option target="debug"/>
			<Option target="release"/>
		</Unit>
		<Unit filename="Source\DS_ByteQueue.cpp">
			<Option compilerVar="CPP"/>
			<Option target="debug"/>
			<Option target="release"/>
		</Unit>
		<Unit filename="Source\DS_ByteQueue.h">
			<Option compilerVar=""/>
			<Option compile="0"/>
			<Option link="0"/>
			<Option target="debug"/>
			<Option target="release"/>
		</Unit>
		<Unit filename="Source\DS_Heap.h">
			<Option compilerVar=""/>
			<Option compile="0"/>
			<Option link="0"/>
			<Option target="debug"/>
			<Option target="release"/>
		</Unit>
		<Unit filename="Source\DS_HuffmanEncodingTree.cpp">
			<Option compilerVar="CPP"/>
			<Option target="debug"/>
			<Option target="release"/>
		</Unit>
		<Unit filename="Source\DS_HuffmanEncodingTree.h">
			<Option compilerVar=""/>
			<Option compile="0"/>
			<Option link="0"/>
			<Option target="debug"/>
			<Option target="release"/>
		</Unit>
		<Unit filename="Source\DS_HuffmanEncodingTreeFactory.h">
			<Option compilerVar=""/>
			<Option compile="0"/>
			<Option link="0"/>
			<Option target="debug"/>
			<Option target="release"/>
		</Unit>
		<Unit filename="Source\DS_HuffmanEncodingTreeNode.h">
			<Option compilerVar=""/>
			<Option compile="0"/>
			<Option link="0"/>
			<Option target="debug"/>
			<Option target="release"/>
		</Unit>
		<Unit filename="Source\DS_LinkedList.h">
			<Option compilerVar=""/>
			<Option compile="0"/>
			<Option link="0"/>
			<Option target="debug"/>
			<Option target="release"/>
		</Unit>
		<Unit filename="Source\DS_List.h">
			<Option compilerVar=""/>
			<Option compile="0"/>
			<Option link="0"/>
			<Option target="debug"/>
			<Option target="release"/>
		</Unit>
		<Unit filename="Source\DS_Map.h">
			<Option compilerVar=""/>
			<Option compile="0"/>
			<Option link="0"/>
			<Option target="debug"/>
			<Option target="release"/>
		</Unit>
		<Unit filename="Source\DS_MemoryPool.h">
			<Option compilerVar=""/>
			<Option compile="0"/>
			<Option link="0"/>
			<Option target="debug"/>
			<Option target="release"/>
		</Unit>
		<Unit filename="Source\DS_Multilist.h">
			<Option compilerVar=""/>
			<Option compile="0"/>
			<Option link="0"/>
			<Option target="debug"/>
			<Option target="release"/>
		</Unit>
		<Unit filename="Source\DS_OrderedChannelHeap.h">
			<Option compilerVar=""/>
			<Option compile="0"/>
			<Option link="0"/>
			<Option target="debug"/>
			<Option target="release"/>
		</Unit>
		<Unit filename="Source\DS_OrderedList.h">
			<Option compilerVar=""/>
			<Option compile="0"/>
			<Option link="0"/>
			<Option target="debug"/>
			<Option target="release"/>
		</Unit>
		<Unit filename="Source\DS_Queue.h">
			<Option compilerVar=""/>
			<Option compile="0"/>
			<Option link="0"/>
			<Option target="debug"/>
			<Option target="release"/>
		</Unit>
		<Unit filename="Source\DS_QueueLinkedList.h">
			<Option compilerVar=""/>
			<Option compile="0"/>
			<Option link="0"/>
			<Option target="debug"/>
			<Option target="release"/>
		</Unit>
		<Unit filename="Source\DS_RangeList.h">
			<Option compilerVar=""/>
			<Option compile="0"/>
			<Option link="0"/>
			<Option target="debug"/>
			<Option target="release"/>
		</Unit>
		<Unit filename="Source\DS_StringKeyedHash.h">
			<Option compilerVar=""/>
			<Option compile="0"/>
			<Option link="0"/>
			<Option target="debug"/>
			<Option target="release"/>
		</Unit>
		<Unit filename="Source\DS_Table.cpp">
			<Option compilerVar="CPP"/>
			<Option target="debug"/>
			<Option target="release"/>
		</Unit>
		<Unit filename="Source\DS_Table.h">
			<Option compilerVar=""/>
			<Option compile="0"/>
			<Option link="0"/>
			<Option target="debug"/>
			<Option target="release"/>
		</Unit>
		<Unit filename="Source\DS_ThreadsafeAllocatingQueue.h">
			<Option compilerVar=""/>
			<Option compile="0"/>
			<Option link="0"/>
			<Option target="debug"/>
			<Option target="release"/>
		</Unit>
		<Unit filename="Source\DS_Tree.h">
			<Option compilerVar=""/>
			<Option compile="0"/>
			<Option link="0"/>
			<Option target="debug"/>
			<Option target="release"/>
		</Unit>
		<Unit filename="Source\DS_WeightedGraph.h">
			<Option compilerVar=""/>
			<Option compile="0"/>
			<Option link="0"/>
			<Option target="debug"/>
			<Option target="release"/>
		</Unit>
		<Unit filename="Source\DataBlockEncryptor.cpp">
			<Option compilerVar="CPP"/>
			<Option target="debug"/>
			<Option target="release"/>
		</Unit>
		<Unit filename="Source\DataBlockEncryptor.h">
			<Option compilerVar=""/>
			<Option compile="0"/>
			<Option link="0"/>
			<Option target="debug"/>
			<Option target="release"/>
		</Unit>
		<Unit filename="Source\DataCompressor.cpp">
			<Option compilerVar="CPP"/>
			<Option target="debug"/>
			<Option target="release"/>
		</Unit>
		<Unit filename="Source\DataCompressor.h">
			<Option compilerVar=""/>
			<Option compile="0"/>
			<Option link="0"/>
			<Option target="debug"/>
			<Option target="release"/>
		</Unit>
		<Unit filename="Source\DirectoryDeltaTransfer.cpp">
			<Option compilerVar="CPP"/>
			<Option target="debug"/>
			<Option target="release"/>
		</Unit>
		<Unit filename="Source\DirectoryDeltaTransfer.h">
			<Option compilerVar=""/>
			<Option compile="0"/>
			<Option link="0"/>
			<Option target="debug"/>
			<Option target="release"/>
		</Unit>
		<Unit filename="Source\EmailSender.cpp">
			<Option compilerVar="CPP"/>
			<Option target="debug"/>
			<Option target="release"/>
		</Unit>
		<Unit filename="Source\EmailSender.h">
			<Option compilerVar=""/>
			<Option compile="0"/>
			<Option link="0"/>
			<Option target="debug"/>
			<Option target="release"/>
		</Unit>
		<Unit filename="Source\EncodeClassName.cpp">
			<Option compilerVar="CPP"/>
			<Option target="debug"/>
			<Option target="release"/>
		</Unit>
		<Unit filename="Source\EpochTimeToString.cpp">
			<Option compilerVar="CPP"/>
			<Option target="debug"/>
			<Option target="release"/>
		</Unit>
		<Unit filename="Source\EpochTimeToString.h">
			<Option compilerVar=""/>
			<Option compile="0"/>
			<Option link="0"/>
			<Option target="debug"/>
			<Option target="release"/>
		</Unit>
		<Unit filename="Source\Export.h">
			<Option compilerVar=""/>
			<Option compile="0"/>
			<Option link="0"/>
			<Option target="debug"/>
			<Option target="release"/>
		</Unit>
		<Unit filename="Source\ExtendedOverlappedPool.cpp">
			<Option compilerVar="CPP"/>
			<Option target="debug"/>
			<Option target="release"/>
		</Unit>
		<Unit filename="Source\ExtendedOverlappedPool.h">
			<Option compilerVar=""/>
			<Option compile="0"/>
			<Option link="0"/>
			<Option target="debug"/>
			<Option target="release"/>
		</Unit>
		<Unit filename="Source\FileList.cpp">
			<Option compilerVar="CPP"/>
			<Option target="debug"/>
			<Option target="release"/>
		</Unit>
		<Unit filename="Source\FileList.h">
			<Option compilerVar=""/>
			<Option compile="0"/>
			<Option link="0"/>
			<Option target="debug"/>
			<Option target="release"/>
		</Unit>
		<Unit filename="Source\FileListNodeContext.h">
			<Option compilerVar=""/>
			<Option compile="0"/>
			<Option link="0"/>
			<Option target="debug"/>
			<Option target="release"/>
		</Unit>
		<Unit filename="Source\FileListTransfer.cpp">
			<Option compilerVar="CPP"/>
			<Option target="debug"/>
			<Option target="release"/>
		</Unit>
		<Unit filename="Source\FileListTransfer.h">
			<Option compilerVar=""/>
			<Option compile="0"/>
			<Option link="0"/>
			<Option target="debug"/>
			<Option target="release"/>
		</Unit>
		<Unit filename="Source\FileListTransferCBInterface.h">
			<Option compilerVar=""/>
			<Option compile="0"/>
			<Option link="0"/>
			<Option target="debug"/>
			<Option target="release"/>
		</Unit>
		<Unit filename="Source\FileOperations.cpp">
			<Option compilerVar="CPP"/>
			<Option target="debug"/>
			<Option target="release"/>
		</Unit>
		<Unit filename="Source\FileOperations.h">
			<Option compilerVar=""/>
			<Option compile="0"/>
			<Option link="0"/>
			<Option target="debug"/>
			<Option target="release"/>
		</Unit>
		<Unit filename="Source\FormatString.cpp">
			<Option compilerVar="CPP"/>
			<Option target="debug"/>
			<Option target="release"/>
		</Unit>
		<Unit filename="Source\FormatString.h">
			<Option compilerVar=""/>
			<Option compile="0"/>
			<Option link="0"/>
			<Option target="debug"/>
			<Option target="release"/>
		</Unit>
		<Unit filename="Source\FullyConnectedMesh.cpp">
			<Option compilerVar="CPP"/>
			<Option target="debug"/>
			<Option target="release"/>
		</Unit>
		<Unit filename="Source\FullyConnectedMesh.h">
			<Option compilerVar=""/>
			<Option compile="0"/>
			<Option link="0"/>
			<Option target="debug"/>
			<Option target="release"/>
		</Unit>
		<Unit filename="Source\FullyConnectedMesh2.cpp">
			<Option compilerVar="CPP"/>
			<Option target="debug"/>
			<Option target="release"/>
		</Unit>
		<Unit filename="Source\FullyConnectedMesh2.h">
			<Option compilerVar=""/>
			<Option compile="0"/>
			<Option link="0"/>
			<Option target="debug"/>
			<Option target="release"/>
		</Unit>
		<Unit filename="Source\FunctionThread.cpp">
			<Option compilerVar="CPP"/>
			<Option target="debug"/>
			<Option target="release"/>
		</Unit>
		<Unit filename="Source\FunctionThread.h">
			<Option compilerVar=""/>
			<Option compile="0"/>
			<Option link="0"/>
			<Option target="debug"/>
			<Option target="release"/>
		</Unit>
		<Unit filename="Source\Gen_RPC8.cpp">
			<Option compilerVar="CPP"/>
			<Option target="debug"/>
			<Option target="release"/>
		</Unit>
		<Unit filename="Source\Gen_RPC8.h">
			<Option compilerVar=""/>
			<Option compile="0"/>
			<Option link="0"/>
			<Option target="debug"/>
			<Option target="release"/>
		</Unit>
		<Unit filename="Source\GetTime.cpp">
			<Option compilerVar="CPP"/>
			<Option target="debug"/>
			<Option target="release"/>
		</Unit>
		<Unit filename="Source\GetTime.h">
			<Option compilerVar=""/>
			<Option compile="0"/>
			<Option link="0"/>
			<Option target="debug"/>
			<Option target="release"/>
		</Unit>
		<Unit filename="Source\Getche.cpp">
			<Option compilerVar="CPP"/>
			<Option target="debug"/>
			<Option target="release"/>
		</Unit>
		<Unit filename="Source\Getche.h">
			<Option compilerVar=""/>
			<Option compile="0"/>
			<Option link="0"/>
			<Option target="debug"/>
			<Option target="release"/>
		</Unit>
		<Unit filename="Source\GridSectorizer.cpp">
			<Option compilerVar="CPP"/>
			<Option target="debug"/>
			<Option target="release"/>
		</Unit>
		<Unit filename="Source\GridSectorizer.h">
			<Option compilerVar=""/>
			<Option compile="0"/>
			<Option link="0"/>
			<Option target="debug"/>
			<Option target="release"/>
		</Unit>
		<Unit filename="Source\HTTPConnection.cpp">
			<Option compilerVar="CPP"/>
			<Option target="debug"/>
			<Option target="release"/>
		</Unit>
		<Unit filename="Source\HTTPConnection.h">
			<Option compilerVar=""/>
			<Option compile="0"/>
			<Option link="0"/>
			<Option target="debug"/>
			<Option target="release"/>
		</Unit>
		<Unit filename="Source\IncrementalReadInterface.cpp">
			<Option compilerVar="CPP"/>
			<Option target="debug"/>
			<Option target="release"/>
		</Unit>
		<Unit filename="Source\IncrementalReadInterface.h">
			<Option compilerVar=""/>
			<Option compile="0"/>
			<Option link="0"/>
			<Option target="debug"/>
			<Option target="release"/>
		</Unit>
		<Unit filename="Source\InlineFunctor.cpp">
			<Option compilerVar="CPP"/>
			<Option target="debug"/>
			<Option target="release"/>
		</Unit>
		<Unit filename="Source\InlineFunctor.h">
			<Option compilerVar=""/>
			<Option compile="0"/>
			<Option link="0"/>
			<Option target="debug"/>
			<Option target="release"/>
		</Unit>
		<Unit filename="Source\InternalPacket.h">
			<Option compilerVar=""/>
			<Option compile="0"/>
			<Option link="0"/>
			<Option target="debug"/>
			<Option target="release"/>
		</Unit>
		<Unit filename="Source\Itoa.cpp">
			<Option compilerVar="CPP"/>
			<Option target="debug"/>
			<Option target="release"/>
		</Unit>
		<Unit filename="Source\Itoa.h">
			<Option compilerVar=""/>
			<Option compile="0"/>
			<Option link="0"/>
			<Option target="debug"/>
			<Option target="release"/>
		</Unit>
		<Unit filename="Source\Kbhit.h">
			<Option compilerVar=""/>
			<Option compile="0"/>
			<Option link="0"/>
			<Option target="debug"/>
			<Option target="release"/>
		</Unit>
		<Unit filename="Source\LightweightDatabaseClient.cpp">
			<Option compilerVar="CPP"/>
			<Option target="debug"/>
			<Option target="release"/>
		</Unit>
		<Unit filename="Source\LightweightDatabaseClient.h">
			<Option compilerVar=""/>
			<Option compile="0"/>
			<Option link="0"/>
			<Option target="debug"/>
			<Option target="release"/>
		</Unit>
		<Unit filename="Source\LightweightDatabaseCommon.cpp">
			<Option compilerVar="CPP"/>
			<Option target="debug"/>
			<Option target="release"/>
		</Unit>
		<Unit filename="Source\LightweightDatabaseCommon.h">
			<Option compilerVar=""/>
			<Option compile="0"/>
			<Option link="0"/>
			<Option target="debug"/>
			<Option target="release"/>
		</Unit>
		<Unit filename="Source\LightweightDatabaseServer.cpp">
			<Option compilerVar="CPP"/>
			<Option target="debug"/>
			<Option target="release"/>
		</Unit>
		<Unit filename="Source\LightweightDatabaseServer.h">
			<Option compilerVar=""/>
			<Option compile="0"/>
			<Option link="0"/>
			<Option target="debug"/>
			<Option target="release"/>
		</Unit>
		<Unit filename="Source\LinuxStrings.cpp">
			<Option compilerVar="CPP"/>
			<Option target="debug"/>
			<Option target="release"/>
		</Unit>
		<Unit filename="Source\LinuxStrings.h">
			<Option compilerVar=""/>
			<Option compile="0"/>
			<Option link="0"/>
			<Option target="debug"/>
			<Option target="release"/>
		</Unit>
		<Unit filename="Source\LogCommandParser.cpp">
			<Option compilerVar="CPP"/>
			<Option target="debug"/>
			<Option target="release"/>
		</Unit>
		<Unit filename="Source\LogCommandParser.h">
			<Option compilerVar=""/>
			<Option compile="0"/>
			<Option link="0"/>
			<Option target="debug"/>
			<Option target="release"/>
		</Unit>
		<Unit filename="Source\MTUSize.h">
			<Option compilerVar=""/>
			<Option compile="0"/>
			<Option link="0"/>
			<Option target="debug"/>
			<Option target="release"/>
		</Unit>
		<Unit filename="Source\Makefile.am">
			<Option compilerVar=""/>
			<Option compile="0"/>
			<Option link="0"/>
			<Option target="debug"/>
			<Option target="release"/>
		</Unit>
		<Unit filename="Source\MessageFilter.cpp">
			<Option compilerVar="CPP"/>
			<Option target="debug"/>
			<Option target="release"/>
		</Unit>
		<Unit filename="Source\MessageFilter.h">
			<Option compilerVar=""/>
			<Option compile="0"/>
			<Option link="0"/>
			<Option target="debug"/>
			<Option target="release"/>
		</Unit>
		<Unit filename="Source\MessageIdentifiers.h">
			<Option compilerVar=""/>
			<Option compile="0"/>
			<Option link="0"/>
			<Option target="debug"/>
			<Option target="release"/>
		</Unit>
		<Unit filename="Source\NatPunchthroughClient.cpp">
			<Option compilerVar="CPP"/>
			<Option target="debug"/>
			<Option target="release"/>
		</Unit>
		<Unit filename="Source\NatPunchthroughClient.h">
			<Option compilerVar=""/>
			<Option compile="0"/>
			<Option link="0"/>
			<Option target="debug"/>
			<Option target="release"/>
		</Unit>
		<Unit filename="Source\NatPunchthroughServer.cpp">
			<Option compilerVar="CPP"/>
			<Option target="debug"/>
			<Option target="release"/>
		</Unit>
		<Unit filename="Source\NatPunchthroughServer.h">
			<Option compilerVar=""/>
			<Option compile="0"/>
			<Option link="0"/>
			<Option target="debug"/>
			<Option target="release"/>
		</Unit>
		<Unit filename="Source\NatTypeDetectionClient.cpp">
			<Option compilerVar="CPP"/>
			<Option target="debug"/>
			<Option target="release"/>
		</Unit>
		<Unit filename="Source\NatTypeDetectionClient.h">
			<Option compilerVar=""/>
			<Option compile="0"/>
			<Option link="0"/>
			<Option target="debug"/>
			<Option target="release"/>
		</Unit>
		<Unit filename="Source\NatTypeDetectionCommon.cpp">
			<Option compilerVar="CPP"/>
			<Option target="debug"/>
			<Option target="release"/>
		</Unit>
		<Unit filename="Source\NatTypeDetectionCommon.h">
			<Option compilerVar=""/>
			<Option compile="0"/>
			<Option link="0"/>
			<Option target="debug"/>
			<Option target="release"/>
		</Unit>
		<Unit filename="Source\NatTypeDetectionServer.cpp">
			<Option compilerVar="CPP"/>
			<Option target="debug"/>
			<Option target="release"/>
		</Unit>
		<Unit filename="Source\NatTypeDetectionServer.h">
			<Option compilerVar=""/>
			<Option compile="0"/>
			<Option link="0"/>
			<Option target="debug"/>
			<Option target="release"/>
		</Unit>
		<Unit filename="Source\NativeTypes.h">
			<Option compilerVar=""/>
			<Option compile="0"/>
			<Option link="0"/>
			<Option target="debug"/>
			<Option target="release"/>
		</Unit>
		<Unit filename="Source\NetworkIDManager.cpp">
			<Option compilerVar="CPP"/>
			<Option target="debug"/>
			<Option target="release"/>
		</Unit>
		<Unit filename="Source\NetworkIDManager.h">
			<Option compilerVar=""/>
			<Option compile="0"/>
			<Option link="0"/>
			<Option target="debug"/>
			<Option target="release"/>
		</Unit>
		<Unit filename="Source\NetworkIDObject.cpp">
			<Option compilerVar="CPP"/>
			<Option target="debug"/>
			<Option target="release"/>
		</Unit>
		<Unit filename="Source\NetworkIDObject.h">
			<Option compilerVar=""/>
			<Option compile="0"/>
			<Option link="0"/>
			<Option target="debug"/>
			<Option target="release"/>
		</Unit>
		<Unit filename="Source\PS3Includes.h">
			<Option compilerVar=""/>
			<Option compile="0"/>
			<Option link="0"/>
			<Option target="debug"/>
			<Option target="release"/>
		</Unit>
		<Unit filename="Source\PacketConsoleLogger.cpp">
			<Option compilerVar="CPP"/>
			<Option target="debug"/>
			<Option target="release"/>
		</Unit>
		<Unit filename="Source\PacketConsoleLogger.h">
			<Option compilerVar=""/>
			<Option compile="0"/>
			<Option link="0"/>
			<Option target="debug"/>
			<Option target="release"/>
		</Unit>
		<Unit filename="Source\PacketFileLogger.cpp">
			<Option compilerVar="CPP"/>
			<Option target="debug"/>
			<Option target="release"/>
		</Unit>
		<Unit filename="Source\PacketFileLogger.h">
			<Option compilerVar=""/>
			<Option compile="0"/>
			<Option link="0"/>
			<Option target="debug"/>
			<Option target="release"/>
		</Unit>
		<Unit filename="Source\PacketLogger.cpp">
			<Option compilerVar="CPP"/>
			<Option target="debug"/>
			<Option target="release"/>
		</Unit>
		<Unit filename="Source\PacketLogger.h">
			<Option compilerVar=""/>
			<Option compile="0"/>
			<Option link="0"/>
			<Option target="debug"/>
			<Option target="release"/>
		</Unit>
		<Unit filename="Source\PacketOutputWindowLogger.cpp">
			<Option compilerVar="CPP"/>
			<Option target="debug"/>
			<Option target="release"/>
		</Unit>
		<Unit filename="Source\PacketOutputWindowLogger.h">
			<Option compilerVar=""/>
			<Option compile="0"/>
			<Option link="0"/>
			<Option target="debug"/>
			<Option target="release"/>
		</Unit>
		<Unit filename="Source\PacketPool.h">
			<Option compilerVar=""/>
			<Option compile="0"/>
			<Option link="0"/>
			<Option target="debug"/>
			<Option target="release"/>
		</Unit>
		<Unit filename="Source\PacketPriority.h">
			<Option compilerVar=""/>
			<Option compile="0"/>
			<Option link="0"/>
			<Option target="debug"/>
			<Option target="release"/>
		</Unit>
		<Unit filename="Source\PacketizedTCP.cpp">
			<Option compilerVar="CPP"/>
			<Option target="debug"/>
			<Option target="release"/>
		</Unit>
		<Unit filename="Source\PacketizedTCP.h">
			<Option compilerVar=""/>
			<Option compile="0"/>
			<Option link="0"/>
			<Option target="debug"/>
			<Option target="release"/>
		</Unit>
		<Unit filename="Source\Platform.h">
			<Option compilerVar=""/>
			<Option compile="0"/>
			<Option link="0"/>
			<Option target="debug"/>
			<Option target="release"/>
		</Unit>
		<Unit filename="Source\PluginInterface.cpp">
			<Option compilerVar="CPP"/>
			<Option target="debug"/>
			<Option target="release"/>
		</Unit>
		<Unit filename="Source\PluginInterface.h">
			<Option compilerVar=""/>
			<Option compile="0"/>
			<Option link="0"/>
			<Option target="debug"/>
			<Option target="release"/>
		</Unit>
		<Unit filename="Source\PluginInterface2.cpp">
			<Option compilerVar="CPP"/>
			<Option target="debug"/>
			<Option target="release"/>
		</Unit>
		<Unit filename="Source\PluginInterface2.h">
			<Option compilerVar=""/>
			<Option compile="0"/>
			<Option link="0"/>
			<Option target="debug"/>
			<Option target="release"/>
		</Unit>
		<Unit filename="Source\RPCMap.cpp">
			<Option compilerVar="CPP"/>
			<Option target="debug"/>
			<Option target="release"/>
		</Unit>
		<Unit filename="Source\RPCMap.h">
			<Option compilerVar=""/>
			<Option compile="0"/>
			<Option link="0"/>
			<Option target="debug"/>
			<Option target="release"/>
		</Unit>
		<Unit filename="Source\RPCNode.h">
			<Option compilerVar=""/>
			<Option compile="0"/>
			<Option link="0"/>
			<Option target="debug"/>
			<Option target="release"/>
		</Unit>
		<Unit filename="Source\RSACrypt.cpp">
			<Option compilerVar="CPP"/>
			<Option target="debug"/>
			<Option target="release"/>
		</Unit>
		<Unit filename="Source\RSACrypt.h">
			<Option compilerVar=""/>
			<Option compile="0"/>
			<Option link="0"/>
			<Option target="debug"/>
			<Option target="release"/>
		</Unit>
		<Unit filename="Source\RakAlloca.h">
			<Option compilerVar=""/>
			<Option compile="0"/>
			<Option link="0"/>
			<Option target="debug"/>
			<Option target="release"/>
		</Unit>
		<Unit filename="Source\RakAssert.h">
			<Option compilerVar=""/>
			<Option compile="0"/>
			<Option link="0"/>
			<Option target="debug"/>
			<Option target="release"/>
		</Unit>
		<Unit filename="Source\RakMemoryOverride.cpp">
			<Option compilerVar="CPP"/>
			<Option target="debug"/>
			<Option target="release"/>
		</Unit>
		<Unit filename="Source\RakMemoryOverride.h">
			<Option compilerVar=""/>
			<Option compile="0"/>
			<Option link="0"/>
			<Option target="debug"/>
			<Option target="release"/>
		</Unit>
		<Unit filename="Source\RakNet.vcproj">
			<Option compilerVar=""/>
			<Option compile="0"/>
			<Option link="0"/>
			<Option target="debug"/>
			<Option target="release"/>
		</Unit>
		<Unit filename="Source\RakNet3.0.vcproj">
			<Option compilerVar=""/>
			<Option compile="0"/>
			<Option link="0"/>
			<Option target="debug"/>
			<Option target="release"/>
		</Unit>
		<Unit filename="Source\RakNet3.0.vcproj.user">
			<Option compilerVar=""/>
			<Option compile="0"/>
			<Option link="0"/>
			<Option target="debug"/>
			<Option target="release"/>
		</Unit>
		<Unit filename="Source\RakNetCommandParser.cpp">
			<Option compilerVar="CPP"/>
			<Option target="debug"/>
			<Option target="release"/>
		</Unit>
		<Unit filename="Source\RakNetCommandParser.h">
			<Option compilerVar=""/>
			<Option compile="0"/>
			<Option link="0"/>
			<Option target="debug"/>
			<Option target="release"/>
		</Unit>
		<Unit filename="Source\RakNetDefines.h">
			<Option compilerVar=""/>
			<Option compile="0"/>
			<Option link="0"/>
			<Option target="debug"/>
			<Option target="release"/>
		</Unit>
		<Unit filename="Source\RakNetDefinesOverrides.h">
			<Option compilerVar=""/>
			<Option compile="0"/>
			<Option link="0"/>
			<Option target="debug"/>
			<Option target="release"/>
		</Unit>
		<Unit filename="Source\RakNetSmartPtr.h">
			<Option compilerVar=""/>
			<Option compile="0"/>
			<Option link="0"/>
			<Option target="debug"/>
			<Option target="release"/>
		</Unit>
		<Unit filename="Source\RakNetSocket.cpp">
			<Option compilerVar="CPP"/>
			<Option target="debug"/>
			<Option target="release"/>
		</Unit>
		<Unit filename="Source\RakNetSocket.h">
			<Option compilerVar=""/>
			<Option compile="0"/>
			<Option link="0"/>
			<Option target="debug"/>
			<Option target="release"/>
		</Unit>
		<Unit filename="Source\RakNetStatistics.cpp">
			<Option compilerVar="CPP"/>
			<Option target="debug"/>
			<Option target="release"/>
		</Unit>
		<Unit filename="Source\RakNetStatistics.h">
			<Option compilerVar=""/>
			<Option compile="0"/>
			<Option link="0"/>
			<Option target="debug"/>
			<Option target="release"/>
		</Unit>
		<Unit filename="Source\RakNetTime.h">
			<Option compilerVar=""/>
			<Option compile="0"/>
			<Option link="0"/>
			<Option target="debug"/>
			<Option target="release"/>
		</Unit>
		<Unit filename="Source\RakNetTransport.cpp">
			<Option compilerVar="CPP"/>
			<Option target="debug"/>
			<Option target="release"/>
		</Unit>
		<Unit filename="Source\RakNetTransport.h">
			<Option compilerVar=""/>
			<Option compile="0"/>
			<Option link="0"/>
			<Option target="debug"/>
			<Option target="release"/>
		</Unit>
		<Unit filename="Source\RakNetTransport2.cpp">
			<Option compilerVar="CPP"/>
			<Option target="debug"/>
			<Option target="release"/>
		</Unit>
		<Unit filename="Source\RakNetTransport2.h">
			<Option compilerVar=""/>
			<Option compile="0"/>
			<Option link="0"/>
			<Option target="debug"/>
			<Option target="release"/>
		</Unit>
		<Unit filename="Source\RakNetTypes.cpp">
			<Option compilerVar="CPP"/>
			<Option target="debug"/>
			<Option target="release"/>
		</Unit>
		<Unit filename="Source\RakNetTypes.h">
			<Option compilerVar=""/>
			<Option compile="0"/>
			<Option link="0"/>
			<Option target="debug"/>
			<Option target="release"/>
		</Unit>
		<Unit filename="Source\RakNetVersion.h">
			<Option compilerVar=""/>
			<Option compile="0"/>
			<Option link="0"/>
			<Option target="debug"/>
			<Option target="release"/>
		</Unit>
		<Unit filename="Source\RakNet_vc8.vcproj">
			<Option compilerVar=""/>
			<Option compile="0"/>
			<Option link="0"/>
			<Option target="debug"/>
			<Option target="release"/>
		</Unit>
		<Unit filename="Source\RakNetworkFactory.cpp">
			<Option compilerVar="CPP"/>
			<Option target="debug"/>
			<Option target="release"/>
		</Unit>
		<Unit filename="Source\RakNetworkFactory.h">
			<Option compilerVar=""/>
			<Option compile="0"/>
			<Option link="0"/>
			<Option target="debug"/>
			<Option target="release"/>
		</Unit>
		<Unit filename="Source\RakPeer.cpp">
			<Option compilerVar="CPP"/>
			<Option target="debug"/>
			<Option target="release"/>
		</Unit>
		<Unit filename="Source\RakPeer.h">
			<Option compilerVar=""/>
			<Option compile="0"/>
			<Option link="0"/>
			<Option target="debug"/>
			<Option target="release"/>
		</Unit>
		<Unit filename="Source\RakPeerInterface.h">
			<Option compilerVar=""/>
			<Option compile="0"/>
			<Option link="0"/>
			<Option target="debug"/>
			<Option target="release"/>
		</Unit>
		<Unit filename="Source\RakSleep.cpp">
			<Option compilerVar="CPP"/>
			<Option target="debug"/>
			<Option target="release"/>
		</Unit>
		<Unit filename="Source\RakSleep.h">
			<Option compilerVar=""/>
			<Option compile="0"/>
			<Option link="0"/>
			<Option target="debug"/>
			<Option target="release"/>
		</Unit>
		<Unit filename="Source\RakString.cpp">
			<Option compilerVar="CPP"/>
			<Option target="debug"/>
			<Option target="release"/>
		</Unit>
		<Unit filename="Source\RakString.h">
			<Option compilerVar=""/>
			<Option compile="0"/>
			<Option link="0"/>
			<Option target="debug"/>
			<Option target="release"/>
		</Unit>
		<Unit filename="Source\RakThread.cpp">
			<Option compilerVar="CPP"/>
			<Option target="debug"/>
			<Option target="release"/>
		</Unit>
		<Unit filename="Source\RakThread.h">
			<Option compilerVar=""/>
			<Option compile="0"/>
			<Option link="0"/>
			<Option target="debug"/>
			<Option target="release"/>
		</Unit>
		<Unit filename="Source\Rand.cpp">
			<Option compilerVar="CPP"/>
			<Option target="debug"/>
			<Option target="release"/>
		</Unit>
		<Unit filename="Source\Rand.h">
			<Option compilerVar=""/>
			<Option compile="0"/>
			<Option link="0"/>
			<Option target="debug"/>
			<Option target="release"/>
		</Unit>
		<Unit filename="Source\ReadyEvent.cpp">
			<Option compilerVar="CPP"/>
			<Option target="debug"/>
			<Option target="release"/>
		</Unit>
		<Unit filename="Source\ReadyEvent.h">
			<Option compilerVar=""/>
			<Option compile="0"/>
			<Option link="0"/>
			<Option target="debug"/>
			<Option target="release"/>
		</Unit>
		<Unit filename="Source\RefCountedObj.h">
			<Option compilerVar=""/>
			<Option compile="0"/>
			<Option link="0"/>
			<Option target="debug"/>
			<Option target="release"/>
		</Unit>
		<Unit filename="Source\ReliabilityLayer.cpp">
			<Option compilerVar="CPP"/>
			<Option target="debug"/>
			<Option target="release"/>
		</Unit>
		<Unit filename="Source\ReliabilityLayer.h">
			<Option compilerVar=""/>
			<Option compile="0"/>
			<Option link="0"/>
			<Option target="debug"/>
			<Option target="release"/>
		</Unit>
		<Unit filename="Source\Replica.h">
			<Option compilerVar=""/>
			<Option compile="0"/>
			<Option link="0"/>
			<Option target="debug"/>
			<Option target="release"/>
		</Unit>
		<Unit filename="Source\ReplicaEnums.h">
			<Option compilerVar=""/>
			<Option compile="0"/>
			<Option link="0"/>
			<Option target="debug"/>
			<Option target="release"/>
		</Unit>
		<Unit filename="Source\ReplicaManager.cpp">
			<Option compilerVar="CPP"/>
			<Option target="debug"/>
			<Option target="release"/>
		</Unit>
		<Unit filename="Source\ReplicaManager.h">
			<Option compilerVar=""/>
			<Option compile="0"/>
			<Option link="0"/>
			<Option target="debug"/>
			<Option target="release"/>
		</Unit>
		<Unit filename="Source\ReplicaManager2.cpp">
			<Option compilerVar="CPP"/>
			<Option target="debug"/>
			<Option target="release"/>
		</Unit>
		<Unit filename="Source\ReplicaManager2.h">
			<Option compilerVar=""/>
			<Option compile="0"/>
			<Option link="0"/>
			<Option target="debug"/>
			<Option target="release"/>
		</Unit>
		<Unit filename="Source\ReplicaManager3.cpp">
			<Option compilerVar="CPP"/>
			<Option target="debug"/>
			<Option target="release"/>
		</Unit>
		<Unit filename="Source\ReplicaManager3.h">
			<Option compilerVar=""/>
			<Option compile="0"/>
			<Option link="0"/>
			<Option target="debug"/>
			<Option target="release"/>
		</Unit>
		<Unit filename="Source\Rijndael-Boxes.h">
			<Option compilerVar=""/>
			<Option compile="0"/>
			<Option link="0"/>
			<Option target="debug"/>
			<Option target="release"/>
		</Unit>
		<Unit filename="Source\Rijndael.h">
			<Option compilerVar=""/>
			<Option compile="0"/>
			<Option link="0"/>
			<Option target="debug"/>
			<Option target="release"/>
		</Unit>
		<Unit filename="Source\Router.cpp">
			<Option compilerVar="CPP"/>
			<Option target="debug"/>
			<Option target="release"/>
		</Unit>
		<Unit filename="Source\Router.h">
			<Option compilerVar=""/>
			<Option compile="0"/>
			<Option link="0"/>
			<Option target="debug"/>
			<Option target="release"/>
		</Unit>
		<Unit filename="Source\Router2.cpp">
			<Option compilerVar="CPP"/>
			<Option target="debug"/>
			<Option target="release"/>
		</Unit>
		<Unit filename="Source\Router2.h">
			<Option compilerVar=""/>
			<Option compile="0"/>
			<Option link="0"/>
			<Option target="debug"/>
			<Option target="release"/>
		</Unit>
		<Unit filename="Source\RouterInterface.h">
			<Option compilerVar=""/>
			<Option compile="0"/>
			<Option link="0"/>
			<Option target="debug"/>
			<Option target="release"/>
		</Unit>
		<Unit filename="Source\SHA1.cpp">
			<Option compilerVar="CPP"/>
			<Option target="debug"/>
			<Option target="release"/>
		</Unit>
		<Unit filename="Source\SHA1.h">
			<Option compilerVar=""/>
			<Option compile="0"/>
			<Option link="0"/>
			<Option target="debug"/>
			<Option target="release"/>
		</Unit>
		<Unit filename="Source\SendToThread.cpp">
			<Option compilerVar="CPP"/>
			<Option target="debug"/>
			<Option target="release"/>
		</Unit>
		<Unit filename="Source\SendToThread.h">
			<Option compilerVar=""/>
			<Option compile="0"/>
			<Option link="0"/>
			<Option target="debug"/>
			<Option target="release"/>
		</Unit>
		<Unit filename="Source\SignaledEvent.cpp">
			<Option compilerVar="CPP"/>
			<Option target="debug"/>
			<Option target="release"/>
		</Unit>
		<Unit filename="Source\SignaledEvent.h">
			<Option compilerVar=""/>
			<Option compile="0"/>
			<Option link="0"/>
			<Option target="debug"/>
			<Option target="release"/>
		</Unit>
		<Unit filename="Source\SimpleMutex.cpp">
			<Option compilerVar="CPP"/>
			<Option target="debug"/>
			<Option target="release"/>
		</Unit>
		<Unit filename="Source\SimpleMutex.h">
			<Option compilerVar=""/>
			<Option compile="0"/>
			<Option link="0"/>
			<Option target="debug"/>
			<Option target="release"/>
		</Unit>
		<Unit filename="Source\SimpleTCPServer.h">
			<Option compilerVar=""/>
			<Option compile="0"/>
			<Option link="0"/>
			<Option target="debug"/>
			<Option target="release"/>
		</Unit>
		<Unit filename="Source\SingleProducerConsumer.h">
			<Option compilerVar=""/>
			<Option compile="0"/>
			<Option link="0"/>
			<Option target="debug"/>
			<Option target="release"/>
		</Unit>
		<Unit filename="Source\SocketIncludes.h">
			<Option compilerVar=""/>
			<Option compile="0"/>
			<Option link="0"/>
			<Option target="debug"/>
			<Option target="release"/>
		</Unit>
		<Unit filename="Source\SocketLayer.cpp">
			<Option compilerVar="CPP"/>
			<Option target="debug"/>
			<Option target="release"/>
		</Unit>
		<Unit filename="Source\SocketLayer.h">
			<Option compilerVar=""/>
			<Option compile="0"/>
			<Option link="0"/>
			<Option target="debug"/>
			<Option target="release"/>
		</Unit>
		<Unit filename="Source\StringCompressor.cpp">
			<Option compilerVar="CPP"/>
			<Option target="debug"/>
			<Option target="release"/>
		</Unit>
		<Unit filename="Source\StringCompressor.h">
			<Option compilerVar=""/>
			<Option compile="0"/>
			<Option link="0"/>
			<Option target="debug"/>
			<Option target="release"/>
		</Unit>
		<Unit filename="Source\StringTable.cpp">
			<Option compilerVar="CPP"/>
			<Option target="debug"/>
			<Option target="release"/>
		</Unit>
		<Unit filename="Source\StringTable.h">
			<Option compilerVar=""/>
			<Option compile="0"/>
			<Option link="0"/>
			<Option target="debug"/>
			<Option target="release"/>
		</Unit>
		<Unit filename="Source\SuperFastHash.cpp">
			<Option compilerVar="CPP"/>
			<Option target="debug"/>
			<Option target="release"/>
		</Unit>
		<Unit filename="Source\SuperFastHash.h">
			<Option compilerVar=""/>
			<Option compile="0"/>
			<Option link="0"/>
			<Option target="debug"/>
			<Option target="release"/>
		</Unit>
		<Unit filename="Source\SystemAddressList.cpp">
			<Option compilerVar="CPP"/>
			<Option target="debug"/>
			<Option target="release"/>
		</Unit>
		<Unit filename="Source\SystemAddressList.h">
			<Option compilerVar=""/>
			<Option compile="0"/>
			<Option link="0"/>
			<Option target="debug"/>
			<Option target="release"/>
		</Unit>
		<Unit filename="Source\TCPInterface.cpp">
			<Option compilerVar="CPP"/>
			<Option target="debug"/>
			<Option target="release"/>
		</Unit>
		<Unit filename="Source\TCPInterface.h">
			<Option compilerVar=""/>
			<Option compile="0"/>
			<Option link="0"/>
			<Option target="debug"/>
			<Option target="release"/>
		</Unit>
		<Unit filename="Source\TableSerializer.cpp">
			<Option compilerVar="CPP"/>
			<Option target="debug"/>
			<Option target="release"/>
		</Unit>
		<Unit filename="Source\TableSerializer.h">
			<Option compilerVar=""/>
			<Option compile="0"/>
			<Option link="0"/>
			<Option target="debug"/>
			<Option target="release"/>
		</Unit>
		<Unit filename="Source\TeamBalancer.cpp">
			<Option compilerVar="CPP"/>
			<Option target="debug"/>
			<Option target="release"/>
		</Unit>
		<Unit filename="Source\TeamBalancer.h">
			<Option compilerVar=""/>
			<Option compile="0"/>
			<Option link="0"/>
			<Option target="debug"/>
			<Option target="release"/>
		</Unit>
		<Unit filename="Source\TelnetTransport.cpp">
			<Option compilerVar="CPP"/>
			<Option target="debug"/>
			<Option target="release"/>
		</Unit>
		<Unit filename="Source\TelnetTransport.h">
			<Option compilerVar=""/>
			<Option compile="0"/>
			<Option link="0"/>
			<Option target="debug"/>
			<Option target="release"/>
		</Unit>
		<Unit filename="Source\ThreadPool.h">
			<Option compilerVar=""/>
			<Option compile="0"/>
			<Option link="0"/>
			<Option target="debug"/>
			<Option target="release"/>
		</Unit>
		<Unit filename="Source\ThreadsafePacketLogger.cpp">
			<Option compilerVar="CPP"/>
			<Option target="debug"/>
			<Option target="release"/>
		</Unit>
		<Unit filename="Source\ThreadsafePacketLogger.h">
			<Option compilerVar=""/>
			<Option compile="0"/>
			<Option link="0"/>
			<Option target="debug"/>
			<Option target="release"/>
		</Unit>
		<Unit filename="Source\TransportInterface.h">
			<Option compilerVar=""/>
			<Option compile="0"/>
			<Option link="0"/>
			<Option target="debug"/>
			<Option target="release"/>
		</Unit>
		<Unit filename="Source\UDPForwarder.cpp">
			<Option compilerVar="CPP"/>
			<Option target="debug"/>
			<Option target="release"/>
		</Unit>
		<Unit filename="Source\UDPForwarder.h">
			<Option compilerVar=""/>
			<Option compile="0"/>
			<Option link="0"/>
			<Option target="debug"/>
			<Option target="release"/>
		</Unit>
		<Unit filename="Source\UDPProxyClient.cpp">
			<Option compilerVar="CPP"/>
			<Option target="debug"/>
			<Option target="release"/>
		</Unit>
		<Unit filename="Source\UDPProxyClient.h">
			<Option compilerVar=""/>
			<Option compile="0"/>
			<Option link="0"/>
			<Option target="debug"/>
			<Option target="release"/>
		</Unit>
		<Unit filename="Source\UDPProxyCommon.h">
			<Option compilerVar=""/>
			<Option compile="0"/>
			<Option link="0"/>
			<Option target="debug"/>
			<Option target="release"/>
		</Unit>
		<Unit filename="Source\UDPProxyCoordinator.cpp">
			<Option compilerVar="CPP"/>
			<Option target="debug"/>
			<Option target="release"/>
		</Unit>
		<Unit filename="Source\UDPProxyCoordinator.h">
			<Option compilerVar=""/>
			<Option compile="0"/>
			<Option link="0"/>
			<Option target="debug"/>
			<Option target="release"/>
		</Unit>
		<Unit filename="Source\UDPProxyServer.cpp">
			<Option compilerVar="CPP"/>
			<Option target="debug"/>
			<Option target="release"/>
		</Unit>
		<Unit filename="Source\UDPProxyServer.h">
			<Option compilerVar=""/>
			<Option compile="0"/>
			<Option link="0"/>
			<Option target="debug"/>
			<Option target="release"/>
		</Unit>
		<Unit filename="Source\VariadicSQLParser.cpp">
			<Option compilerVar="CPP"/>
			<Option target="debug"/>
			<Option target="release"/>
		</Unit>
		<Unit filename="Source\VariadicSQLParser.h">
			<Option compilerVar=""/>
			<Option compile="0"/>
			<Option link="0"/>
			<Option target="debug"/>
			<Option target="release"/>
		</Unit>
		<Unit filename="Source\WSAStartupSingleton.cpp">
			<Option compilerVar="CPP"/>
			<Option target="debug"/>
			<Option target="release"/>
		</Unit>
		<Unit filename="Source\WSAStartupSingleton.h">
			<Option compilerVar=""/>
			<Option compile="0"/>
			<Option link="0"/>
			<Option target="debug"/>
			<Option target="release"/>
		</Unit>
		<Unit filename="Source\WindowsIncludes.h">
			<Option compilerVar=""/>
			<Option compile="0"/>
			<Option link="0"/>
			<Option target="debug"/>
			<Option target="release"/>
		</Unit>
		<Unit filename="Source\XBox360Includes.h">
			<Option compilerVar=""/>
			<Option compile="0"/>
			<Option link="0"/>
			<Option target="debug"/>
			<Option target="release"/>
		</Unit>
		<Unit filename="Source\_FindFirst.cpp">
			<Option compilerVar="CPP"/>
			<Option target="debug"/>
			<Option target="release"/>
		</Unit>
		<Unit filename="Source\_FindFirst.h">
			<Option compilerVar=""/>
			<Option compile="0"/>
			<Option link="0"/>
			<Option target="debug"/>
			<Option target="release"/>
		</Unit>
		<Unit filename="Source\gettimeofday.cpp">
			<Option compilerVar="CPP"/>
			<Option target="debug"/>
			<Option target="release"/>
		</Unit>
		<Unit filename="Source\gettimeofday.h">
			<Option compilerVar=""/>
			<Option compile="0"/>
			<Option link="0"/>
			<Option target="debug"/>
			<Option target="release"/>
		</Unit>
		<Unit filename="Source\rdlmalloc-options.h">
			<Option compilerVar=""/>
			<Option compile="0"/>
			<Option link="0"/>
			<Option target="debug"/>
			<Option target="release"/>
		</Unit>
		<Unit filename="Source\rdlmalloc.cpp">
			<Option compilerVar="CPP"/>
			<Option target="debug"/>
			<Option target="release"/>
		</Unit>
		<Unit filename="Source\rdlmalloc.h">
			<Option compilerVar=""/>
			<Option compile="0"/>
			<Option link="0"/>
			<Option target="debug"/>
			<Option target="release"/>
		</Unit>
		<Unit filename="Source\rijndael.cpp">
			<Option compilerVar="CPP"/>
			<Option target="debug"/>
			<Option target="release"/>
		</Unit>
	</Project>
</CodeBlocks_project_file>
